
Microsoft Visual Studio Solution File, Format Version 12.00
# Visual Studio Version 17
VisualStudioVersion = 17.14.36408.4
MinimumVisualStudioVersion = 10.0.40219.1
Project("{FAE04EC0-301F-11D3-BF4B-00C04F79EFBC}") = "form-CRUD", "formCRUD\form-CRUD.csproj", "{560A11BC-51A5-4C8D-AF7E-8DF7E8D5A64A}"
EndProject
Global
	GlobalSection(SolutionConfigurationPlatforms) = preSolution
		Debug|Any CPU = Debug|Any CPU
		Release|Any CPU = Release|Any CPU
	EndGlobalSection
	GlobalSection(ProjectConfigurationPlatforms) = postSolution
		{560A11BC-51A5-4C8D-AF7E-8DF7E8D5A64A}.Debug|Any CPU.ActiveCfg = Debug|Any CPU
		{560A11BC-51A5-4C8D-AF7E-8DF7E8D5A64A}.Debug|Any CPU.Build.0 = Debug|Any CPU
		{560A11BC-51A5-4C8D-AF7E-8DF7E8D5A64A}.Release|Any CPU.ActiveCfg = Release|Any CPU
		{560A11BC-51A5-4C8D-AF7E-8DF7E8D5A64A}.Release|Any CPU.Build.0 = Release|Any CPU
	EndGlobalSection
	GlobalSection(SolutionProperties) = preSolution
		HideSolutionNode = FALSE
	EndGlobalSection
	GlobalSection(ExtensibilityGlobals) = postSolution
		SolutionGuid = {AF517EF4-D1E7-4D4E-AD88-0043CCE264F3}
	EndGlobalSection
EndGlobal
